
Microsoft Visual Studio Solution File, Format Version 12.00
# Visual Studio 15
VisualStudioVersion = 15.0.26430.12
MinimumVisualStudioVersion = 10.0.40219.1
Project("{8BC9CEB8-8B4A-11D0-8D11-00A0C91BC942}") = "Injection-ConsoleWindowClass", "Injection-ConsoleWindowClass\Injection-ConsoleWindowClass.vcxproj", "{08900DD0-2551-4FF4-8676-A76C8CAB03DA}"
EndProject
Global
	GlobalSection(SolutionConfigurationPlatforms) = preSolution
		Debug|x64 = Debug|x64
		Debug|x86 = Debug|x86
		Release|x64 = Release|x64
		Release|x86 = Release|x86
	EndGlobalSection
	GlobalSection(ProjectConfigurationPlatforms) = postSolution
		{08900DD0-2551-4FF4-8676-A76C8CAB03DA}.Debug|x64.ActiveCfg = Debug|x64
		{08900DD0-2551-4FF4-8676-A76C8CAB03DA}.Debug|x64.Build.0 = Debug|x64
		{08900DD0-2551-4FF4-8676-A76C8CAB03DA}.Debug|x86.ActiveCfg = Debug|Win32
		{08900DD0-2551-4FF4-8676-A76C8CAB03DA}.Debug|x86.Build.0 = Debug|Win32
		{08900DD0-2551-4FF4-8676-A76C8CAB03DA}.Release|x64.ActiveCfg = Release|x64
		{08900DD0-2551-4FF4-8676-A76C8CAB03DA}.Release|x64.Build.0 = Release|x64
		{08900DD0-2551-4FF4-8676-A76C8CAB03DA}.Release|x86.ActiveCfg = Release|Win32
		{08900DD0-2551-4FF4-8676-A76C8CAB03DA}.Release|x86.Build.0 = Release|Win32
	EndGlobalSection
	GlobalSection(SolutionProperties) = preSolution
		HideSolutionNode = FALSE
	EndGlobalSection
EndGlobal
